
Microsoft Visual Studio Solution File, Format Version 12.00
Project("{FAE04EC0-301F-11D3-BF4B-00C04F79EFBC}") = "Web", "src\Web\Web.csproj", "{287628ED-3A14-4AE8-8A59-F553BA061615}"
EndProject
Project("{FAE04EC0-301F-11D3-BF4B-00C04F79EFBC}") = "Domain", "src\Domain\Domain.csproj", "{173C5483-B404-4F82-AF0D-6F9D32A809FD}"
EndProject
Project("{FAE04EC0-301F-11D3-BF4B-00C04F79EFBC}") = "Application", "src\Application\Application.csproj", "{8CB0D1E2-54FE-4208-BF11-08EE63813255}"
EndProject
Project("{FAE04EC0-301F-11D3-BF4B-00C04F79EFBC}") = "Infrastructure", "src\Infrastructure\Infrastructure.csproj", "{0A0C0166-2BDB-4CD3-BD50-5186DE9F01A4}"
EndProject
Project("{2150E333-8FDC-42A3-9474-1A3956D46DE8}") = "Solution Items", "Solution Items", "{5E64AFC8-C8BB-474D-AEA8-DFC21D1C9793}"
	ProjectSection(SolutionItems) = preProject
		compose.yaml = compose.yaml
	EndProjectSection
EndProject
Project("{FAE04EC0-301F-11D3-BF4B-00C04F79EFBC}") = "Domain.UnitTests", "tests\Domain.UnitTests\Domain.UnitTests.csproj", "{09EAF8C8-4B08-4717-A079-761610005561}"
EndProject
Project("{FAE04EC0-301F-11D3-BF4B-00C04F79EFBC}") = "Application.IntegrationTests", "tests\Application.IntegrationTests\Application.IntegrationTests.csproj", "{D613122E-5075-463B-B846-4FA6057B8EE8}"
EndProject
Project("{FAE04EC0-301F-11D3-BF4B-00C04F79EFBC}") = "Application.UnitTests", "tests\Application.UnitTests\Application.UnitTests.csproj", "{047A6F98-7F54-46DE-863C-61806BA86BAB}"
EndProject
Global
	GlobalSection(SolutionConfigurationPlatforms) = preSolution
		Debug|Any CPU = Debug|Any CPU
		Release|Any CPU = Release|Any CPU
	EndGlobalSection
	GlobalSection(ProjectConfigurationPlatforms) = postSolution
		{287628ED-3A14-4AE8-8A59-F553BA061615}.Debug|Any CPU.ActiveCfg = Debug|Any CPU
		{287628ED-3A14-4AE8-8A59-F553BA061615}.Debug|Any CPU.Build.0 = Debug|Any CPU
		{287628ED-3A14-4AE8-8A59-F553BA061615}.Release|Any CPU.ActiveCfg = Release|Any CPU
		{287628ED-3A14-4AE8-8A59-F553BA061615}.Release|Any CPU.Build.0 = Release|Any CPU
		{173C5483-B404-4F82-AF0D-6F9D32A809FD}.Debug|Any CPU.ActiveCfg = Debug|Any CPU
		{173C5483-B404-4F82-AF0D-6F9D32A809FD}.Debug|Any CPU.Build.0 = Debug|Any CPU
		{173C5483-B404-4F82-AF0D-6F9D32A809FD}.Release|Any CPU.ActiveCfg = Release|Any CPU
		{173C5483-B404-4F82-AF0D-6F9D32A809FD}.Release|Any CPU.Build.0 = Release|Any CPU
		{8CB0D1E2-54FE-4208-BF11-08EE63813255}.Debug|Any CPU.ActiveCfg = Debug|Any CPU
		{8CB0D1E2-54FE-4208-BF11-08EE63813255}.Debug|Any CPU.Build.0 = Debug|Any CPU
		{8CB0D1E2-54FE-4208-BF11-08EE63813255}.Release|Any CPU.ActiveCfg = Release|Any CPU
		{8CB0D1E2-54FE-4208-BF11-08EE63813255}.Release|Any CPU.Build.0 = Release|Any CPU
		{0A0C0166-2BDB-4CD3-BD50-5186DE9F01A4}.Debug|Any CPU.ActiveCfg = Debug|Any CPU
		{0A0C0166-2BDB-4CD3-BD50-5186DE9F01A4}.Debug|Any CPU.Build.0 = Debug|Any CPU
		{0A0C0166-2BDB-4CD3-BD50-5186DE9F01A4}.Release|Any CPU.ActiveCfg = Release|Any CPU
		{0A0C0166-2BDB-4CD3-BD50-5186DE9F01A4}.Release|Any CPU.Build.0 = Release|Any CPU
		{09EAF8C8-4B08-4717-A079-761610005561}.Debug|Any CPU.ActiveCfg = Debug|Any CPU
		{09EAF8C8-4B08-4717-A079-761610005561}.Debug|Any CPU.Build.0 = Debug|Any CPU
		{09EAF8C8-4B08-4717-A079-761610005561}.Release|Any CPU.ActiveCfg = Release|Any CPU
		{09EAF8C8-4B08-4717-A079-761610005561}.Release|Any CPU.Build.0 = Release|Any CPU
		{D613122E-5075-463B-B846-4FA6057B8EE8}.Debug|Any CPU.ActiveCfg = Debug|Any CPU
		{D613122E-5075-463B-B846-4FA6057B8EE8}.Debug|Any CPU.Build.0 = Debug|Any CPU
		{D613122E-5075-463B-B846-4FA6057B8EE8}.Release|Any CPU.ActiveCfg = Release|Any CPU
		{D613122E-5075-463B-B846-4FA6057B8EE8}.Release|Any CPU.Build.0 = Release|Any CPU
		{047A6F98-7F54-46DE-863C-61806BA86BAB}.Debug|Any CPU.ActiveCfg = Debug|Any CPU
		{047A6F98-7F54-46DE-863C-61806BA86BAB}.Debug|Any CPU.Build.0 = Debug|Any CPU
		{047A6F98-7F54-46DE-863C-61806BA86BAB}.Release|Any CPU.ActiveCfg = Release|Any CPU
		{047A6F98-7F54-46DE-863C-61806BA86BAB}.Release|Any CPU.Build.0 = Release|Any CPU
	EndGlobalSection
EndGlobal
